
Microsoft Visual Studio Solution File, Format Version 12.00
Project("{2150E333-8FDC-42A3-9474-1A3956D46DE8}") = "src", "src", "{C6438721-9F89-4E57-AB47-A87E4C9AE229}"
EndProject
Project("{2150E333-8FDC-42A3-9474-1A3956D46DE8}") = "tests", "tests", "{2C25665B-B3B1-42AD-AF2F-1FA5C9F6F164}"
EndProject
Project("{FAE04EC0-301F-11D3-BF4B-00C04F79EFBC}") = "Domain", "src\Domain\Domain.csproj", "{8AA7AE2E-90C6-4EB4-949F-A7EACF348480}"
EndProject
Project("{FAE04EC0-301F-11D3-BF4B-00C04F79EFBC}") = "Application", "src\Application\Application.csproj", "{B366EA89-8432-45F3-A8E9-A674E095247E}"
EndProject
Project("{FAE04EC0-301F-11D3-BF4B-00C04F79EFBC}") = "Infrastructure", "src\Infrastructure\Infrastructure.csproj", "{EC5BA2D5-97CD-4C5B-BFE9-B81CD99F5E25}"
EndProject
Project("{FAE04EC0-301F-11D3-BF4B-00C04F79EFBC}") = "Api", "src\Api\Api.csproj", "{FAFAF923-75A6-4711-B86E-477ABE69EC9B}"
EndProject
Project("{FAE04EC0-301F-11D3-BF4B-00C04F79EFBC}") = "Tests.Data", "tests\Tests.Data\Tests.Data.csproj", "{39C9F3BB-F6BA-4C83-8223-5F10CB179DA3}"
EndProject
Project("{FAE04EC0-301F-11D3-BF4B-00C04F79EFBC}") = "Tests.Common", "tests\Tests.Common\Tests.Common.csproj", "{DDB7B377-7940-46D5-B104-066ED55F3ED6}"
EndProject
Project("{FAE04EC0-301F-11D3-BF4B-00C04F79EFBC}") = "Api.Tests.Intagration", "tests\Api.Tests.Intagration\Api.Tests.Intagration.csproj", "{22AD6F50-8959-4F64-AE96-B84545CD4A2B}"
EndProject
Global
	GlobalSection(SolutionConfigurationPlatforms) = preSolution
		Debug|Any CPU = Debug|Any CPU
		Release|Any CPU = Release|Any CPU
	EndGlobalSection
	GlobalSection(NestedProjects) = preSolution
		{8AA7AE2E-90C6-4EB4-949F-A7EACF348480} = {C6438721-9F89-4E57-AB47-A87E4C9AE229}
		{B366EA89-8432-45F3-A8E9-A674E095247E} = {C6438721-9F89-4E57-AB47-A87E4C9AE229}
		{EC5BA2D5-97CD-4C5B-BFE9-B81CD99F5E25} = {C6438721-9F89-4E57-AB47-A87E4C9AE229}
		{FAFAF923-75A6-4711-B86E-477ABE69EC9B} = {C6438721-9F89-4E57-AB47-A87E4C9AE229}
		{39C9F3BB-F6BA-4C83-8223-5F10CB179DA3} = {2C25665B-B3B1-42AD-AF2F-1FA5C9F6F164}
		{DDB7B377-7940-46D5-B104-066ED55F3ED6} = {2C25665B-B3B1-42AD-AF2F-1FA5C9F6F164}
		{22AD6F50-8959-4F64-AE96-B84545CD4A2B} = {2C25665B-B3B1-42AD-AF2F-1FA5C9F6F164}
	EndGlobalSection
	GlobalSection(ProjectConfigurationPlatforms) = postSolution
		{8AA7AE2E-90C6-4EB4-949F-A7EACF348480}.Debug|Any CPU.ActiveCfg = Debug|Any CPU
		{8AA7AE2E-90C6-4EB4-949F-A7EACF348480}.Debug|Any CPU.Build.0 = Debug|Any CPU
		{8AA7AE2E-90C6-4EB4-949F-A7EACF348480}.Release|Any CPU.ActiveCfg = Release|Any CPU
		{8AA7AE2E-90C6-4EB4-949F-A7EACF348480}.Release|Any CPU.Build.0 = Release|Any CPU
		{B366EA89-8432-45F3-A8E9-A674E095247E}.Debug|Any CPU.ActiveCfg = Debug|Any CPU
		{B366EA89-8432-45F3-A8E9-A674E095247E}.Debug|Any CPU.Build.0 = Debug|Any CPU
		{B366EA89-8432-45F3-A8E9-A674E095247E}.Release|Any CPU.ActiveCfg = Release|Any CPU
		{B366EA89-8432-45F3-A8E9-A674E095247E}.Release|Any CPU.Build.0 = Release|Any CPU
		{EC5BA2D5-97CD-4C5B-BFE9-B81CD99F5E25}.Debug|Any CPU.ActiveCfg = Debug|Any CPU
		{EC5BA2D5-97CD-4C5B-BFE9-B81CD99F5E25}.Debug|Any CPU.Build.0 = Debug|Any CPU
		{EC5BA2D5-97CD-4C5B-BFE9-B81CD99F5E25}.Release|Any CPU.ActiveCfg = Release|Any CPU
		{EC5BA2D5-97CD-4C5B-BFE9-B81CD99F5E25}.Release|Any CPU.Build.0 = Release|Any CPU
		{FAFAF923-75A6-4711-B86E-477ABE69EC9B}.Debug|Any CPU.ActiveCfg = Debug|Any CPU
		{FAFAF923-75A6-4711-B86E-477ABE69EC9B}.Debug|Any CPU.Build.0 = Debug|Any CPU
		{FAFAF923-75A6-4711-B86E-477ABE69EC9B}.Release|Any CPU.ActiveCfg = Release|Any CPU
		{FAFAF923-75A6-4711-B86E-477ABE69EC9B}.Release|Any CPU.Build.0 = Release|Any CPU
		{39C9F3BB-F6BA-4C83-8223-5F10CB179DA3}.Debug|Any CPU.ActiveCfg = Debug|Any CPU
		{39C9F3BB-F6BA-4C83-8223-5F10CB179DA3}.Debug|Any CPU.Build.0 = Debug|Any CPU
		{39C9F3BB-F6BA-4C83-8223-5F10CB179DA3}.Release|Any CPU.ActiveCfg = Release|Any CPU
		{39C9F3BB-F6BA-4C83-8223-5F10CB179DA3}.Release|Any CPU.Build.0 = Release|Any CPU
		{DDB7B377-7940-46D5-B104-066ED55F3ED6}.Debug|Any CPU.ActiveCfg = Debug|Any CPU
		{DDB7B377-7940-46D5-B104-066ED55F3ED6}.Debug|Any CPU.Build.0 = Debug|Any CPU
		{DDB7B377-7940-46D5-B104-066ED55F3ED6}.Release|Any CPU.ActiveCfg = Release|Any CPU
		{DDB7B377-7940-46D5-B104-066ED55F3ED6}.Release|Any CPU.Build.0 = Release|Any CPU
		{22AD6F50-8959-4F64-AE96-B84545CD4A2B}.Debug|Any CPU.ActiveCfg = Debug|Any CPU
		{22AD6F50-8959-4F64-AE96-B84545CD4A2B}.Debug|Any CPU.Build.0 = Debug|Any CPU
		{22AD6F50-8959-4F64-AE96-B84545CD4A2B}.Release|Any CPU.ActiveCfg = Release|Any CPU
		{22AD6F50-8959-4F64-AE96-B84545CD4A2B}.Release|Any CPU.Build.0 = Release|Any CPU
	EndGlobalSection
EndGlobal
